
Microsoft Visual Studio Solution File, Format Version 12.00
# Visual Studio Version 17
VisualStudioVersion = 17.4.33122.133
MinimumVisualStudioVersion = 10.0.40219.1
Project("{FAE04EC0-301F-11D3-BF4B-00C04F79EFBC}") = "subnautica news changer", "bmorris launcher\subnautica news changer.csproj", "{6833923A-FCE4-4F02-B049-31B4B9D10207}"
EndProject
Global
	GlobalSection(SolutionConfigurationPlatforms) = preSolution
		Debug|Any CPU = Debug|Any CPU
		Release|Any CPU = Release|Any CPU
	EndGlobalSection
	GlobalSection(ProjectConfigurationPlatforms) = postSolution
		{6833923A-FCE4-4F02-B049-31B4B9D10207}.Debug|Any CPU.ActiveCfg = Debug|Any CPU
		{6833923A-FCE4-4F02-B049-31B4B9D10207}.Debug|Any CPU.Build.0 = Debug|Any CPU
		{6833923A-FCE4-4F02-B049-31B4B9D10207}.Release|Any CPU.ActiveCfg = Release|Any CPU
		{6833923A-FCE4-4F02-B049-31B4B9D10207}.Release|Any CPU.Build.0 = Release|Any CPU
	EndGlobalSection
	GlobalSection(SolutionProperties) = preSolution
		HideSolutionNode = FALSE
	EndGlobalSection
	GlobalSection(ExtensibilityGlobals) = postSolution
		SolutionGuid = {A74FF5CE-170D-4680-8B2A-A74CBE00B184}
	EndGlobalSection
EndGlobal
